
Microsoft Visual Studio Solution File, Format Version 11.00
# Visual Studio 2010
Project("{FAE04EC0-301F-11D3-BF4B-00C04F79EFBC}") = "ConcurrencyProfilerRuntime", "ConcurrencyProfilerRuntime.csproj", "{10D0EB96-1A0B-4113-B69B-1AB4D1094485}"
EndProject
Global
	GlobalSection(SolutionConfigurationPlatforms) = preSolution
		Debug|Any CPU = Debug|Any CPU
		Release|Any CPU = Release|Any CPU
	EndGlobalSection
	GlobalSection(ProjectConfigurationPlatforms) = postSolution
		{10D0EB96-1A0B-4113-B69B-1AB4D1094485}.Debug|Any CPU.ActiveCfg = Debug|Any CPU
		{10D0EB96-1A0B-4113-B69B-1AB4D1094485}.Debug|Any CPU.Build.0 = Debug|Any CPU
		{10D0EB96-1A0B-4113-B69B-1AB4D1094485}.Release|Any CPU.ActiveCfg = Release|Any CPU
		{10D0EB96-1A0B-4113-B69B-1AB4D1094485}.Release|Any CPU.Build.0 = Release|Any CPU
	EndGlobalSection
	GlobalSection(SolutionProperties) = preSolution
		HideSolutionNode = FALSE
	EndGlobalSection
EndGlobal
